
Microsoft Visual Studio Solution File, Format Version 12.00
# Visual Studio 2013
VisualStudioVersion = 12.0.31101.0
MinimumVisualStudioVersion = 10.0.40219.1
Project("{FAE04EC0-301F-11D3-BF4B-00C04F79EFBC}") = "WebApp", "WebApp\WebApp.csproj", "{622E2642-FB9C-45C3-A770-D5703B41CF84}"
EndProject
Project("{FAE04EC0-301F-11D3-BF4B-00C04F79EFBC}") = "WebApp.Teste", "WebApp.Teste\WebApp.Teste.csproj", "{1F8C2073-8EA8-4DD7-8A9B-611BBBF057E5}"
EndProject
Global
	GlobalSection(SolutionConfigurationPlatforms) = preSolution
		Debug|Any CPU = Debug|Any CPU
		Release|Any CPU = Release|Any CPU
	EndGlobalSection
	GlobalSection(ProjectConfigurationPlatforms) = postSolution
		{622E2642-FB9C-45C3-A770-D5703B41CF84}.Debug|Any CPU.ActiveCfg = Debug|Any CPU
		{622E2642-FB9C-45C3-A770-D5703B41CF84}.Debug|Any CPU.Build.0 = Debug|Any CPU
		{622E2642-FB9C-45C3-A770-D5703B41CF84}.Release|Any CPU.ActiveCfg = Release|Any CPU
		{622E2642-FB9C-45C3-A770-D5703B41CF84}.Release|Any CPU.Build.0 = Release|Any CPU
		{1F8C2073-8EA8-4DD7-8A9B-611BBBF057E5}.Debug|Any CPU.ActiveCfg = Debug|Any CPU
		{1F8C2073-8EA8-4DD7-8A9B-611BBBF057E5}.Debug|Any CPU.Build.0 = Debug|Any CPU
		{1F8C2073-8EA8-4DD7-8A9B-611BBBF057E5}.Release|Any CPU.ActiveCfg = Release|Any CPU
		{1F8C2073-8EA8-4DD7-8A9B-611BBBF057E5}.Release|Any CPU.Build.0 = Release|Any CPU
	EndGlobalSection
	GlobalSection(SolutionProperties) = preSolution
		HideSolutionNode = FALSE
	EndGlobalSection
EndGlobal
